
Microsoft Visual Studio Solution File, Format Version 12.00
# Visual Studio Version 17
VisualStudioVersion = 17.12.35707.178 d17.12
MinimumVisualStudioVersion = 10.0.40219.1
Project("{2150E333-8FDC-42A3-9474-1A3956D46DE8}") = "src", "src", "{2886392F-E7BB-424C-A6D8-58E5FE5B4ED7}"
EndProject
Project("{2150E333-8FDC-42A3-9474-1A3956D46DE8}") = "Contexts", "Contexts", "{A802F090-7E4E-44B1-88D7-1C97006ADAF2}"
EndProject
Project("{2150E333-8FDC-42A3-9474-1A3956D46DE8}") = "Infrastructure", "Infrastructure", "{1C7C8936-A9A0-4CE0-AB30-8C6BAFE94340}"
EndProject
Project("{2150E333-8FDC-42A3-9474-1A3956D46DE8}") = "Interfaces", "Interfaces", "{7FEE72F4-6DDC-48C7-AA2E-FA69EBC5BC57}"
EndProject
Project("{2150E333-8FDC-42A3-9474-1A3956D46DE8}") = "Quality", "Quality", "{F0F51C4D-D8FA-4663-911A-A4775761F19A}"
EndProject
Project("{FAE04EC0-301F-11D3-BF4B-00C04F79EFBC}") = "Account", "src\Contexts\Account\Account.csproj", "{C2A1F692-D6A9-4366-94CA-97B268250546}"
EndProject
Project("{FAE04EC0-301F-11D3-BF4B-00C04F79EFBC}") = "Data", "src\Infrastructure\Data\Data.csproj", "{5376A2D2-7731-4444-80A1-B5F3D4463E67}"
EndProject
Project("{FAE04EC0-301F-11D3-BF4B-00C04F79EFBC}") = "AccountAPI", "src\Interfaces\AccountAPI\AccountAPI.csproj", "{5F87395C-BCC3-461C-BEE9-F79F80DEE961}"
EndProject
Project("{FAE04EC0-301F-11D3-BF4B-00C04F79EFBC}") = "AccountUnitTests", "src\Quality\AccountUnitTests\AccountUnitTests.csproj", "{2C0AF2E4-1BDD-4694-B52F-D1C6B2635068}"
EndProject
Global
	GlobalSection(SolutionConfigurationPlatforms) = preSolution
		Debug|Any CPU = Debug|Any CPU
		Release|Any CPU = Release|Any CPU
	EndGlobalSection
	GlobalSection(ProjectConfigurationPlatforms) = postSolution
		{C2A1F692-D6A9-4366-94CA-97B268250546}.Debug|Any CPU.ActiveCfg = Debug|Any CPU
		{C2A1F692-D6A9-4366-94CA-97B268250546}.Debug|Any CPU.Build.0 = Debug|Any CPU
		{C2A1F692-D6A9-4366-94CA-97B268250546}.Release|Any CPU.ActiveCfg = Release|Any CPU
		{C2A1F692-D6A9-4366-94CA-97B268250546}.Release|Any CPU.Build.0 = Release|Any CPU
		{5376A2D2-7731-4444-80A1-B5F3D4463E67}.Debug|Any CPU.ActiveCfg = Debug|Any CPU
		{5376A2D2-7731-4444-80A1-B5F3D4463E67}.Debug|Any CPU.Build.0 = Debug|Any CPU
		{5376A2D2-7731-4444-80A1-B5F3D4463E67}.Release|Any CPU.ActiveCfg = Release|Any CPU
		{5376A2D2-7731-4444-80A1-B5F3D4463E67}.Release|Any CPU.Build.0 = Release|Any CPU
		{5F87395C-BCC3-461C-BEE9-F79F80DEE961}.Debug|Any CPU.ActiveCfg = Debug|Any CPU
		{5F87395C-BCC3-461C-BEE9-F79F80DEE961}.Debug|Any CPU.Build.0 = Debug|Any CPU
		{5F87395C-BCC3-461C-BEE9-F79F80DEE961}.Release|Any CPU.ActiveCfg = Release|Any CPU
		{5F87395C-BCC3-461C-BEE9-F79F80DEE961}.Release|Any CPU.Build.0 = Release|Any CPU
		{2C0AF2E4-1BDD-4694-B52F-D1C6B2635068}.Debug|Any CPU.ActiveCfg = Debug|Any CPU
		{2C0AF2E4-1BDD-4694-B52F-D1C6B2635068}.Debug|Any CPU.Build.0 = Debug|Any CPU
		{2C0AF2E4-1BDD-4694-B52F-D1C6B2635068}.Release|Any CPU.ActiveCfg = Release|Any CPU
		{2C0AF2E4-1BDD-4694-B52F-D1C6B2635068}.Release|Any CPU.Build.0 = Release|Any CPU
	EndGlobalSection
	GlobalSection(SolutionProperties) = preSolution
		HideSolutionNode = FALSE
	EndGlobalSection
	GlobalSection(NestedProjects) = preSolution
		{A802F090-7E4E-44B1-88D7-1C97006ADAF2} = {2886392F-E7BB-424C-A6D8-58E5FE5B4ED7}
		{1C7C8936-A9A0-4CE0-AB30-8C6BAFE94340} = {2886392F-E7BB-424C-A6D8-58E5FE5B4ED7}
		{7FEE72F4-6DDC-48C7-AA2E-FA69EBC5BC57} = {2886392F-E7BB-424C-A6D8-58E5FE5B4ED7}
		{F0F51C4D-D8FA-4663-911A-A4775761F19A} = {2886392F-E7BB-424C-A6D8-58E5FE5B4ED7}
		{C2A1F692-D6A9-4366-94CA-97B268250546} = {A802F090-7E4E-44B1-88D7-1C97006ADAF2}
		{5376A2D2-7731-4444-80A1-B5F3D4463E67} = {1C7C8936-A9A0-4CE0-AB30-8C6BAFE94340}
		{5F87395C-BCC3-461C-BEE9-F79F80DEE961} = {7FEE72F4-6DDC-48C7-AA2E-FA69EBC5BC57}
		{2C0AF2E4-1BDD-4694-B52F-D1C6B2635068} = {F0F51C4D-D8FA-4663-911A-A4775761F19A}
	EndGlobalSection
EndGlobal
